
Microsoft Visual Studio Solution File, Format Version 12.00
# Visual Studio Version 17
VisualStudioVersion = 17.9.34728.123
MinimumVisualStudioVersion = 10.0.40219.1
Project("{FAE04EC0-301F-11D3-BF4B-00C04F79EFBC}") = "PlantSP", "PlantSP\PlantSP.csproj", "{B7345752-E035-413B-A224-EC9DA639F904}"
EndProject
Global
	GlobalSection(SolutionConfigurationPlatforms) = preSolution
		Debug|Any CPU = Debug|Any CPU
		Release|Any CPU = Release|Any CPU
	EndGlobalSection
	GlobalSection(ProjectConfigurationPlatforms) = postSolution
		{B7345752-E035-413B-A224-EC9DA639F904}.Debug|Any CPU.ActiveCfg = Debug|Any CPU
		{B7345752-E035-413B-A224-EC9DA639F904}.Debug|Any CPU.Build.0 = Debug|Any CPU
		{B7345752-E035-413B-A224-EC9DA639F904}.Release|Any CPU.ActiveCfg = Release|Any CPU
		{B7345752-E035-413B-A224-EC9DA639F904}.Release|Any CPU.Build.0 = Release|Any CPU
	EndGlobalSection
	GlobalSection(SolutionProperties) = preSolution
		HideSolutionNode = FALSE
	EndGlobalSection
	GlobalSection(ExtensibilityGlobals) = postSolution
		SolutionGuid = {74E5AF0A-A2AD-46A3-91B4-AFE7B2551592}
	EndGlobalSection
EndGlobal
